
Microsoft Visual Studio Solution File, Format Version 12.00
# Visual Studio Version 17
VisualStudioVersion = 17.6.33723.286
MinimumVisualStudioVersion = 10.0.40219.1
Project("{FAE04EC0-301F-11D3-BF4B-00C04F79EFBC}") = "Exeptions", "Exeptions.csproj", "{065F3137-5509-4CC8-B200-6873065C0966}"
EndProject
Global
	GlobalSection(SolutionConfigurationPlatforms) = preSolution
		Debug|Any CPU = Debug|Any CPU
		Release|Any CPU = Release|Any CPU
	EndGlobalSection
	GlobalSection(ProjectConfigurationPlatforms) = postSolution
		{065F3137-5509-4CC8-B200-6873065C0966}.Debug|Any CPU.ActiveCfg = Debug|Any CPU
		{065F3137-5509-4CC8-B200-6873065C0966}.Debug|Any CPU.Build.0 = Debug|Any CPU
		{065F3137-5509-4CC8-B200-6873065C0966}.Release|Any CPU.ActiveCfg = Release|Any CPU
		{065F3137-5509-4CC8-B200-6873065C0966}.Release|Any CPU.Build.0 = Release|Any CPU
	EndGlobalSection
	GlobalSection(SolutionProperties) = preSolution
		HideSolutionNode = FALSE
	EndGlobalSection
	GlobalSection(ExtensibilityGlobals) = postSolution
		SolutionGuid = {BE846E91-F2DE-4632-8A8F-7BDA4052D9C0}
	EndGlobalSection
EndGlobal
